
Microsoft Visual Studio Solution File, Format Version 12.00
# Visual Studio Version 16
VisualStudioVersion = 16.0.31321.278
MinimumVisualStudioVersion = 10.0.40219.1
Project("{9A19103F-16F7-4668-BE54-9A1E7A4F7556}") = "hjaapProjectPart2", "hjaapProjectPart1\hjaapProjectPart2.csproj", "{72796DC7-AE09-42F8-8B14-E4CB24212D54}"
EndProject
Global
	GlobalSection(SolutionConfigurationPlatforms) = preSolution
		Debug|Any CPU = Debug|Any CPU
		Release|Any CPU = Release|Any CPU
	EndGlobalSection
	GlobalSection(ProjectConfigurationPlatforms) = postSolution
		{72796DC7-AE09-42F8-8B14-E4CB24212D54}.Debug|Any CPU.ActiveCfg = Debug|Any CPU
		{72796DC7-AE09-42F8-8B14-E4CB24212D54}.Debug|Any CPU.Build.0 = Debug|Any CPU
		{72796DC7-AE09-42F8-8B14-E4CB24212D54}.Release|Any CPU.ActiveCfg = Release|Any CPU
		{72796DC7-AE09-42F8-8B14-E4CB24212D54}.Release|Any CPU.Build.0 = Release|Any CPU
	EndGlobalSection
	GlobalSection(SolutionProperties) = preSolution
		HideSolutionNode = FALSE
	EndGlobalSection
	GlobalSection(ExtensibilityGlobals) = postSolution
		SolutionGuid = {503FC872-4164-4C79-B177-DC96FE45C294}
	EndGlobalSection
EndGlobal
